// !$*UTF8*$!
{
	archiveVersion = 1;
	classes = {
	};
	objectVersion = 56;
	objects = {

/* Begin PBXBuildFile section */
		9138F3712E9A78420096BEE9 /* Transcation+CoreDataClass.swift in Sources */ = {isa = PBXBuildFile; fileRef = 9138F3702E9A78420096BEE9 /* Transcation+CoreDataClass.swift */; };
		9138F3732E9A78790096BEE9 /* BudgetDetailView.swift in Sources */ = {isa = PBXBuildFile; fileRef = 9138F3722E9A78790096BEE9 /* BudgetDetailView.swift */; };
		9138F3752E9A81430096BEE9 /* TransactionListView.swift in Sources */ = {isa = PBXBuildFile; fileRef = 9138F3742E9A81430096BEE9 /* TransactionListView.swift */; };
		9138F3772E9A88220096BEE9 /* BudgetSummaryView.swift in Sources */ = {isa = PBXBuildFile; fileRef = 9138F3762E9A88220096BEE9 /* BudgetSummaryView.swift */; };
		9161FAC12E99ED6D0049B31C /* BudgetListView.swift in Sources */ = {isa = PBXBuildFile; fileRef = 9161FAC02E99ED6D0049B31C /* BudgetListView.swift */; };
		917471B12E996C980080FCAA /* Double+Extensions.swift in Sources */ = {isa = PBXBuildFile; fileRef = 917471B02E996C980080FCAA /* Double+Extensions.swift */; };
		91AE18612E995610009A7E1F /* BudgetAppApp.swift in Sources */ = {isa = PBXBuildFile; fileRef = 91AE18602E995610009A7E1F /* BudgetAppApp.swift */; };
		91AE18652E995611009A7E1F /* Assets.xcassets in Resources */ = {isa = PBXBuildFile; fileRef = 91AE18642E995611009A7E1F /* Assets.xcassets */; };
		91AE18682E995611009A7E1F /* Preview Assets.xcassets in Resources */ = {isa = PBXBuildFile; fileRef = 91AE18672E995611009A7E1F /* Preview Assets.xcassets */; };
		91AE18712E99566D009A7E1F /* BudgetModel.xcdatamodeld in Sources */ = {isa = PBXBuildFile; fileRef = 91AE186F2E99566D009A7E1F /* BudgetModel.xcdatamodeld */; };
		91AE18782E995DBE009A7E1F /* CoreDataManager.swift in Sources */ = {isa = PBXBuildFile; fileRef = 91AE18772E995DBE009A7E1F /* CoreDataManager.swift */; };
		91DCD84D2E9A035F006C1A29 /* AddBudgetCategoryView.swift in Sources */ = {isa = PBXBuildFile; fileRef = 91DCD84C2E9A035F006C1A29 /* AddBudgetCategoryView.swift */; };
/* End PBXBuildFile section */

/* Begin PBXFileReference section */
		9138F3702E9A78420096BEE9 /* Transcation+CoreDataClass.swift */ = {isa = PBXFileReference; lastKnownFileType = sourcecode.swift; path = "Transcation+CoreDataClass.swift"; sourceTree = "<group>"; };
		9138F3722E9A78790096BEE9 /* BudgetDetailView.swift */ = {isa = PBXFileReference; lastKnownFileType = sourcecode.swift; path = BudgetDetailView.swift; sourceTree = "<group>"; };
		9138F3742E9A81430096BEE9 /* TransactionListView.swift */ = {isa = PBXFileReference; lastKnownFileType = sourcecode.swift; path = TransactionListView.swift; sourceTree = "<group>"; };
		9138F3762E9A88220096BEE9 /* BudgetSummaryView.swift */ = {isa = PBXFileReference; lastKnownFileType = sourcecode.swift; path = BudgetSummaryView.swift; sourceTree = "<group>"; };
		9161FAC02E99ED6D0049B31C /* BudgetListView.swift */ = {isa = PBXFileReference; lastKnownFileType = sourcecode.swift; path = BudgetListView.swift; sourceTree = "<group>"; };
		917471B02E996C980080FCAA /* Double+Extensions.swift */ = {isa = PBXFileReference; lastKnownFileType = sourcecode.swift; path = "Double+Extensions.swift"; sourceTree = "<group>"; };
		91AE185D2E995610009A7E1F /* BudgetApp.app */ = {isa = PBXFileReference; explicitFileType = wrapper.application; includeInIndex = 0; path = BudgetApp.app; sourceTree = BUILT_PRODUCTS_DIR; };
		91AE18602E995610009A7E1F /* BudgetAppApp.swift */ = {isa = PBXFileReference; lastKnownFileType = sourcecode.swift; path = BudgetAppApp.swift; sourceTree = "<group>"; };
		91AE18642E995611009A7E1F /* Assets.xcassets */ = {isa = PBXFileReference; lastKnownFileType = folder.assetcatalog; path = Assets.xcassets; sourceTree = "<group>"; };
		91AE18672E995611009A7E1F /* Preview Assets.xcassets */ = {isa = PBXFileReference; lastKnownFileType = folder.assetcatalog; path = "Preview Assets.xcassets"; sourceTree = "<group>"; };
		91AE186E2E99561B009A7E1F /* README.md */ = {isa = PBXFileReference; lastKnownFileType = net.daringfireball.markdown; path = README.md; sourceTree = "<group>"; };
		91AE18702E99566D009A7E1F /* BudgetModel.xcdatamodel */ = {isa = PBXFileReference; lastKnownFileType = wrapper.xcdatamodel; path = BudgetModel.xcdatamodel; sourceTree = "<group>"; };
		91AE18772E995DBE009A7E1F /* CoreDataManager.swift */ = {isa = PBXFileReference; lastKnownFileType = sourcecode.swift; path = CoreDataManager.swift; sourceTree = "<group>"; };
		91DCD84C2E9A035F006C1A29 /* AddBudgetCategoryView.swift */ = {isa = PBXFileReference; lastKnownFileType = sourcecode.swift; path = AddBudgetCategoryView.swift; sourceTree = "<group>"; };
/* End PBXFileReference section */

/* Begin PBXFrameworksBuildPhase section */
		91AE185A2E995610009A7E1F /* Frameworks */ = {
			isa = PBXFrameworksBuildPhase;
			buildActionMask = 2147483647;
			files = (
			);
			runOnlyForDeploymentPostprocessing = 0;
		};
/* End PBXFrameworksBuildPhase section */

/* Begin PBXGroup section */
		917471AF2E996C8B0080FCAA /* Extensions */ = {
			isa = PBXGroup;
			children = (
				917471B02E996C980080FCAA /* Double+Extensions.swift */,
			);
			path = Extensions;
			sourceTree = "<group>";
		};
		91AE18542E995610009A7E1F = {
			isa = PBXGroup;
			children = (
				91AE186E2E99561B009A7E1F /* README.md */,
				91AE185F2E995610009A7E1F /* BudgetApp */,
				91AE185E2E995610009A7E1F /* Products */,
			);
			sourceTree = "<group>";
		};
		91AE185E2E995610009A7E1F /* Products */ = {
			isa = PBXGroup;
			children = (
				91AE185D2E995610009A7E1F /* BudgetApp.app */,
			);
			name = Products;
			sourceTree = "<group>";
		};
		91AE185F2E995610009A7E1F /* BudgetApp */ = {
			isa = PBXGroup;
			children = (
				91D619C72E9CE2200089538F /* Screens */,
				917471AF2E996C8B0080FCAA /* Extensions */,
				91AE18792E9960EC009A7E1F /* Views */,
				91AE18762E995DA1009A7E1F /* Managers */,
				91AE18732E99597B009A7E1F /* Models */,
				91AE18602E995610009A7E1F /* BudgetAppApp.swift */,
				91AE18642E995611009A7E1F /* Assets.xcassets */,
				91AE18662E995611009A7E1F /* Preview Content */,
				91AE186F2E99566D009A7E1F /* BudgetModel.xcdatamodeld */,
			);
			path = BudgetApp;
			sourceTree = "<group>";
		};
		91AE18662E995611009A7E1F /* Preview Content */ = {
			isa = PBXGroup;
			children = (
				91AE18672E995611009A7E1F /* Preview Assets.xcassets */,
			);
			path = "Preview Content";
			sourceTree = "<group>";
		};
		91AE18732E99597B009A7E1F /* Models */ = {
			isa = PBXGroup;
			children = (
				9138F3702E9A78420096BEE9 /* Transcation+CoreDataClass.swift */,
			);
			path = Models;
			sourceTree = "<group>";
		};
		91AE18762E995DA1009A7E1F /* Managers */ = {
			isa = PBXGroup;
			children = (
				91AE18772E995DBE009A7E1F /* CoreDataManager.swift */,
			);
			path = Managers;
			sourceTree = "<group>";
		};
		91AE18792E9960EC009A7E1F /* Views */ = {
			isa = PBXGroup;
			children = (
				9138F3722E9A78790096BEE9 /* BudgetDetailView.swift */,
				9138F3742E9A81430096BEE9 /* TransactionListView.swift */,
				9138F3762E9A88220096BEE9 /* BudgetSummaryView.swift */,
			);
			path = Views;
			sourceTree = "<group>";
		};
		91D619C72E9CE2200089538F /* Screens */ = {
			isa = PBXGroup;
			children = (
				9161FAC02E99ED6D0049B31C /* BudgetListView.swift */,
				91DCD84C2E9A035F006C1A29 /* AddBudgetCategoryView.swift */,
			);
			path = Screens;
			sourceTree = "<group>";
		};
/* End PBXGroup section */

/* Begin PBXNativeTarget section */
		91AE185C2E995610009A7E1F /* BudgetApp */ = {
			isa = PBXNativeTarget;
			buildConfigurationList = 91AE186B2E995611009A7E1F /* Build configuration list for PBXNativeTarget "BudgetApp" */;
			buildPhases = (
				91AE18592E995610009A7E1F /* Sources */,
				91AE185A2E995610009A7E1F /* Frameworks */,
				91AE185B2E995610009A7E1F /* Resources */,
			);
			buildRules = (
			);
			dependencies = (
			);
			name = BudgetApp;
			productName = BudgetApp;
			productReference = 91AE185D2E995610009A7E1F /* BudgetApp.app */;
			productType = "com.apple.product-type.application";
		};
/* End PBXNativeTarget section */

/* Begin PBXProject section */
		91AE18552E995610009A7E1F /* Project object */ = {
			isa = PBXProject;
			attributes = {
				BuildIndependentTargetsInParallel = 1;
				LastSwiftUpdateCheck = 1430;
				LastUpgradeCheck = 1430;
				TargetAttributes = {
					91AE185C2E995610009A7E1F = {
						CreatedOnToolsVersion = 14.3.1;
					};
				};
			};
			buildConfigurationList = 91AE18582E995610009A7E1F /* Build configuration list for PBXProject "BudgetApp" */;
			compatibilityVersion = "Xcode 14.0";
			developmentRegion = en;
			hasScannedForEncodings = 0;
			knownRegions = (
				en,
				Base,
			);
			mainGroup = 91AE18542E995610009A7E1F;
			productRefGroup = 91AE185E2E995610009A7E1F /* Products */;
			projectDirPath = "";
			projectRoot = "";
			targets = (
				91AE185C2E995610009A7E1F /* BudgetApp */,
			);
		};
/* End PBXProject section */

/* Begin PBXResourcesBuildPhase section */
		91AE185B2E995610009A7E1F /* Resources */ = {
			isa = PBXResourcesBuildPhase;
			buildActionMask = 2147483647;
			files = (
				91AE18682E995611009A7E1F /* Preview Assets.xcassets in Resources */,
				91AE18652E995611009A7E1F /* Assets.xcassets in Resources */,
			);
			runOnlyForDeploymentPostprocessing = 0;
		};
/* End PBXResourcesBuildPhase section */

/* Begin PBXSourcesBuildPhase section */
		91AE18592E995610009A7E1F /* Sources */ = {
			isa = PBXSourcesBuildPhase;
			buildActionMask = 2147483647;
			files = (
				9138F3712E9A78420096BEE9 /* Transcation+CoreDataClass.swift in Sources */,
				9161FAC12E99ED6D0049B31C /* BudgetListView.swift in Sources */,
				91AE18612E995610009A7E1F /* BudgetAppApp.swift in Sources */,
				91DCD84D2E9A035F006C1A29 /* AddBudgetCategoryView.swift in Sources */,
				917471B12E996C980080FCAA /* Double+Extensions.swift in Sources */,
				9138F3772E9A88220096BEE9 /* BudgetSummaryView.swift in Sources */,
				9138F3732E9A78790096BEE9 /* BudgetDetailView.swift in Sources */,
				9138F3752E9A81430096BEE9 /* TransactionListView.swift in Sources */,
				91AE18782E995DBE009A7E1F /* CoreDataManager.swift in Sources */,
				91AE18712E99566D009A7E1F /* BudgetModel.xcdatamodeld in Sources */,
			);
			runOnlyForDeploymentPostprocessing = 0;
		};
/* End PBXSourcesBuildPhase section */

/* Begin XCBuildConfiguration section */
		91AE18692E995611009A7E1F /* Debug */ = {
			isa = XCBuildConfiguration;
			buildSettings = {
				ALWAYS_SEARCH_USER_PATHS = NO;
				CLANG_ANALYZER_NONNULL = YES;
				CLANG_ANALYZER_NUMBER_OBJECT_CONVERSION = YES_AGGRESSIVE;
				CLANG_CXX_LANGUAGE_STANDARD = "gnu++20";
				CLANG_ENABLE_MODULES = YES;
				CLANG_ENABLE_OBJC_ARC = YES;
				CLANG_ENABLE_OBJC_WEAK = YES;
				CLANG_WARN_BLOCK_CAPTURE_AUTORELEASING = YES;
				CLANG_WARN_BOOL_CONVERSION = YES;
				CLANG_WARN_COMMA = YES;
				CLANG_WARN_CONSTANT_CONVERSION = YES;
				CLANG_WARN_DEPRECATED_OBJC_IMPLEMENTATIONS = YES;
				CLANG_WARN_DIRECT_OBJC_ISA_USAGE = YES_ERROR;
				CLANG_WARN_DOCUMENTATION_COMMENTS = YES;
				CLANG_WARN_EMPTY_BODY = YES;
				CLANG_WARN_ENUM_CONVERSION = YES;
				CLANG_WARN_INFINITE_RECURSION = YES;
				CLANG_WARN_INT_CONVERSION = YES;
				CLANG_WARN_NON_LITERAL_NULL_CONVERSION = YES;
				CLANG_WARN_OBJC_IMPLICIT_RETAIN_SELF = YES;
				CLANG_WARN_OBJC_LITERAL_CONVERSION = YES;
				CLANG_WARN_OBJC_ROOT_CLASS = YES_ERROR;
				CLANG_WARN_QUOTED_INCLUDE_IN_FRAMEWORK_HEADER = YES;
				CLANG_WARN_RANGE_LOOP_ANALYSIS = YES;
				CLANG_WARN_STRICT_PROTOTYPES = YES;
				CLANG_WARN_SUSPICIOUS_MOVE = YES;
				CLANG_WARN_UNGUARDED_AVAILABILITY = YES_AGGRESSIVE;
				CLANG_WARN_UNREACHABLE_CODE = YES;
				CLANG_WARN__DUPLICATE_METHOD_MATCH = YES;
				COPY_PHASE_STRIP = NO;
				DEBUG_INFORMATION_FORMAT = dwarf;
				ENABLE_STRICT_OBJC_MSGSEND = YES;
				ENABLE_TESTABILITY = YES;
				GCC_C_LANGUAGE_STANDARD = gnu11;
				GCC_DYNAMIC_NO_PIC = NO;
				GCC_NO_COMMON_BLOCKS = YES;
				GCC_OPTIMIZATION_LEVEL = 0;
				GCC_PREPROCESSOR_DEFINITIONS = (
					"DEBUG=1",
					"$(inherited)",
				);
				GCC_WARN_64_TO_32_BIT_CONVERSION = YES;
				GCC_WARN_ABOUT_RETURN_TYPE = YES_ERROR;
				GCC_WARN_UNDECLARED_SELECTOR = YES;
				GCC_WARN_UNINITIALIZED_AUTOS = YES_AGGRESSIVE;
				GCC_WARN_UNUSED_FUNCTION = YES;
				GCC_WARN_UNUSED_VARIABLE = YES;
				IPHONEOS_DEPLOYMENT_TARGET = 16.4;
				MTL_ENABLE_DEBUG_INFO = INCLUDE_SOURCE;
				MTL_FAST_MATH = YES;
				ONLY_ACTIVE_ARCH = YES;
				SDKROOT = iphoneos;
				SWIFT_ACTIVE_COMPILATION_CONDITIONS = DEBUG;
				SWIFT_OPTIMIZATION_LEVEL = "-Onone";
			};
			name = Debug;
		};
		91AE186A2E995611009A7E1F /* Release */ = {
			isa = XCBuildConfiguration;
			buildSettings = {
				ALWAYS_SEARCH_USER_PATHS = NO;
				CLANG_ANALYZER_NONNULL = YES;
				CLANG_ANALYZER_NUMBER_OBJECT_CONVERSION = YES_AGGRESSIVE;
				CLANG_CXX_LANGUAGE_STANDARD = "gnu++20";
				CLANG_ENABLE_MODULES = YES;
				CLANG_ENABLE_OBJC_ARC = YES;
				CLANG_ENABLE_OBJC_WEAK = YES;
				CLANG_WARN_BLOCK_CAPTURE_AUTORELEASING = YES;
				CLANG_WARN_BOOL_CONVERSION = YES;
				CLANG_WARN_COMMA = YES;
				CLANG_WARN_CONSTANT_CONVERSION = YES;
				CLANG_WARN_DEPRECATED_OBJC_IMPLEMENTATIONS = YES;
				CLANG_WARN_DIRECT_OBJC_ISA_USAGE = YES_ERROR;
				CLANG_WARN_DOCUMENTATION_COMMENTS = YES;
				CLANG_WARN_EMPTY_BODY = YES;
				CLANG_WARN_ENUM_CONVERSION = YES;
				CLANG_WARN_INFINITE_RECURSION = YES;
				CLANG_WARN_INT_CONVERSION = YES;
				CLANG_WARN_NON_LITERAL_NULL_CONVERSION = YES;
				CLANG_WARN_OBJC_IMPLICIT_RETAIN_SELF = YES;
				CLANG_WARN_OBJC_LITERAL_CONVERSION = YES;
				CLANG_WARN_OBJC_ROOT_CLASS = YES_ERROR;
				CLANG_WARN_QUOTED_INCLUDE_IN_FRAMEWORK_HEADER = YES;
				CLANG_WARN_RANGE_LOOP_ANALYSIS = YES;
				CLANG_WARN_STRICT_PROTOTYPES = YES;
				CLANG_WARN_SUSPICIOUS_MOVE = YES;
				CLANG_WARN_UNGUARDED_AVAILABILITY = YES_AGGRESSIVE;
				CLANG_WARN_UNREACHABLE_CODE = YES;
				CLANG_WARN__DUPLICATE_METHOD_MATCH = YES;
				COPY_PHASE_STRIP = NO;
				DEBUG_INFORMATION_FORMAT = "dwarf-with-dsym";
				ENABLE_NS_ASSERTIONS = NO;
				ENABLE_STRICT_OBJC_MSGSEND = YES;
				GCC_C_LANGUAGE_STANDARD = gnu11;
				GCC_NO_COMMON_BLOCKS = YES;
				GCC_WARN_64_TO_32_BIT_CONVERSION = YES;
				GCC_WARN_ABOUT_RETURN_TYPE = YES_ERROR;
				GCC_WARN_UNDECLARED_SELECTOR = YES;
				GCC_WARN_UNINITIALIZED_AUTOS = YES_AGGRESSIVE;
				GCC_WARN_UNUSED_FUNCTION = YES;
				GCC_WARN_UNUSED_VARIABLE = YES;
				IPHONEOS_DEPLOYMENT_TARGET = 16.4;
				MTL_ENABLE_DEBUG_INFO = NO;
				MTL_FAST_MATH = YES;
				SDKROOT = iphoneos;
				SWIFT_COMPILATION_MODE = wholemodule;
				SWIFT_OPTIMIZATION_LEVEL = "-O";
				VALIDATE_PRODUCT = YES;
			};
			name = Release;
		};
		91AE186C2E995611009A7E1F /* Debug */ = {
			isa = XCBuildConfiguration;
			buildSettings = {
				ASSETCATALOG_COMPILER_APPICON_NAME = AppIcon;
				ASSETCATALOG_COMPILER_GLOBAL_ACCENT_COLOR_NAME = AccentColor;
				CODE_SIGN_STYLE = Automatic;
				CURRENT_PROJECT_VERSION = 1;
				DEVELOPMENT_ASSET_PATHS = "\"BudgetApp/Preview Content\"";
				DEVELOPMENT_TEAM = Y5Y2G7UJ92;
				ENABLE_PREVIEWS = YES;
				GENERATE_INFOPLIST_FILE = YES;
				INFOPLIST_KEY_UIApplicationSceneManifest_Generation = YES;
				INFOPLIST_KEY_UIApplicationSupportsIndirectInputEvents = YES;
				INFOPLIST_KEY_UILaunchScreen_Generation = YES;
				INFOPLIST_KEY_UISupportedInterfaceOrientations_iPad = "UIInterfaceOrientationPortrait UIInterfaceOrientationPortraitUpsideDown UIInterfaceOrientationLandscapeLeft UIInterfaceOrientationLandscapeRight";
				INFOPLIST_KEY_UISupportedInterfaceOrientations_iPhone = "UIInterfaceOrientationPortrait UIInterfaceOrientationLandscapeLeft UIInterfaceOrientationLandscapeRight";
				LD_RUNPATH_SEARCH_PATHS = (
					"$(inherited)",
					"@executable_path/Frameworks",
				);
				MARKETING_VERSION = 1.0;
				PRODUCT_BUNDLE_IDENTIFIER = com.farihmhmd.BudgetApp;
				PRODUCT_NAME = "$(TARGET_NAME)";
				SWIFT_EMIT_LOC_STRINGS = YES;
				SWIFT_VERSION = 5.0;
				TARGETED_DEVICE_FAMILY = "1,2";
			};
			name = Debug;
		};
		91AE186D2E995611009A7E1F /* Release */ = {
			isa = XCBuildConfiguration;
			buildSettings = {
				ASSETCATALOG_COMPILER_APPICON_NAME = AppIcon;
				ASSETCATALOG_COMPILER_GLOBAL_ACCENT_COLOR_NAME = AccentColor;
				CODE_SIGN_STYLE = Automatic;
				CURRENT_PROJECT_VERSION = 1;
				DEVELOPMENT_ASSET_PATHS = "\"BudgetApp/Preview Content\"";
				DEVELOPMENT_TEAM = Y5Y2G7UJ92;
				ENABLE_PREVIEWS = YES;
				GENERATE_INFOPLIST_FILE = YES;
				INFOPLIST_KEY_UIApplicationSceneManifest_Generation = YES;
				INFOPLIST_KEY_UIApplicationSupportsIndirectInputEvents = YES;
				INFOPLIST_KEY_UILaunchScreen_Generation = YES;
				INFOPLIST_KEY_UISupportedInterfaceOrientations_iPad = "UIInterfaceOrientationPortrait UIInterfaceOrientationPortraitUpsideDown UIInterfaceOrientationLandscapeLeft UIInterfaceOrientationLandscapeRight";
				INFOPLIST_KEY_UISupportedInterfaceOrientations_iPhone = "UIInterfaceOrientationPortrait UIInterfaceOrientationLandscapeLeft UIInterfaceOrientationLandscapeRight";
				LD_RUNPATH_SEARCH_PATHS = (
					"$(inherited)",
					"@executable_path/Frameworks",
				);
				MARKETING_VERSION = 1.0;
				PRODUCT_BUNDLE_IDENTIFIER = com.farihmhmd.BudgetApp;
				PRODUCT_NAME = "$(TARGET_NAME)";
				SWIFT_EMIT_LOC_STRINGS = YES;
				SWIFT_VERSION = 5.0;
				TARGETED_DEVICE_FAMILY = "1,2";
			};
			name = Release;
		};
/* End XCBuildConfiguration section */

/* Begin XCConfigurationList section */
		91AE18582E995610009A7E1F /* Build configuration list for PBXProject "BudgetApp" */ = {
			isa = XCConfigurationList;
			buildConfigurations = (
				91AE18692E995611009A7E1F /* Debug */,
				91AE186A2E995611009A7E1F /* Release */,
			);
			defaultConfigurationIsVisible = 0;
			defaultConfigurationName = Release;
		};
		91AE186B2E995611009A7E1F /* Build configuration list for PBXNativeTarget "BudgetApp" */ = {
			isa = XCConfigurationList;
			buildConfigurations = (
				91AE186C2E995611009A7E1F /* Debug */,
				91AE186D2E995611009A7E1F /* Release */,
			);
			defaultConfigurationIsVisible = 0;
			defaultConfigurationName = Release;
		};
/* End XCConfigurationList section */

/* Begin XCVersionGroup section */
		91AE186F2E99566D009A7E1F /* BudgetModel.xcdatamodeld */ = {
			isa = XCVersionGroup;
			children = (
				91AE18702E99566D009A7E1F /* BudgetModel.xcdatamodel */,
			);
			currentVersion = 91AE18702E99566D009A7E1F /* BudgetModel.xcdatamodel */;
			path = BudgetModel.xcdatamodeld;
			sourceTree = "<group>";
			versionGroupType = wrapper.xcdatamodel;
		};
/* End XCVersionGroup section */
	};
	rootObject = 91AE18552E995610009A7E1F /* Project object */;
}
